Microsoft Visual Studio Solution File, Format Version 12.00
# Visual Studio Version 17
VisualStudioVersion = 17.5.2.0
MinimumVisualStudioVersion = 10.0.40219.1
Project("{FAE04EC0-301F-11D3-BF4B-00C04F79EFBC}") = "TheoryAndPixel", "TheoryAndPixel.csproj", "{851D7BF7-FED5-951F-739F-5C7ABB72CE2B}"
EndProject
Global
	GlobalSection(SolutionConfigurationPlatforms) = preSolution
		Debug|Any CPU = Debug|Any CPU
		Release|Any CPU = Release|Any CPU
	EndGlobalSection
	GlobalSection(ProjectConfigurationPlatforms) = postSolution
		{851D7BF7-FED5-951F-739F-5C7ABB72CE2B}.Debug|Any CPU.ActiveCfg = Debug|Any CPU
		{851D7BF7-FED5-951F-739F-5C7ABB72CE2B}.Debug|Any CPU.Build.0 = Debug|Any CPU
		{851D7BF7-FED5-951F-739F-5C7ABB72CE2B}.Release|Any CPU.ActiveCfg = Release|Any CPU
		{851D7BF7-FED5-951F-739F-5C7ABB72CE2B}.Release|Any CPU.Build.0 = Release|Any CPU
	EndGlobalSection
	GlobalSection(SolutionProperties) = preSolution
		HideSolutionNode = FALSE
	EndGlobalSection
	GlobalSection(ExtensibilityGlobals) = postSolution
		SolutionGuid = {E72E6D9C-B574-4452-8C2C-7BDAF1046E53}
	EndGlobalSection
EndGlobal
